
Microsoft Visual Studio Solution File, Format Version 12.00
# Visual Studio 2013
VisualStudioVersion = 12.0.30723.0
MinimumVisualStudioVersion = 10.0.40219.1
Project("{FAE04EC0-301F-11D3-BF4B-00C04F79EFBC}") = "ShoesStoreMOD", "ShoesStore\ShoesStoreMOD.csproj", "{C0A7CA2B-FC12-4790-8C02-E3B13D346853}"
EndProject
Project("{FAE04EC0-301F-11D3-BF4B-00C04F79EFBC}") = "DAL", "DAL\DAL.csproj", "{DD69D2A6-90F3-444D-B2A2-6F094DA55F1E}"
EndProject
Project("{FAE04EC0-301F-11D3-BF4B-00C04F79EFBC}") = "BLL", "BLL\BLL.csproj", "{4307C557-8E48-4C26-8DF6-BA2580879B55}"
EndProject
Global
	GlobalSection(SolutionConfigurationPlatforms) = preSolution
		Debug|Any CPU = Debug|Any CPU
		Release|Any CPU = Release|Any CPU
	EndGlobalSection
	GlobalSection(ProjectConfigurationPlatforms) = postSolution
		{C0A7CA2B-FC12-4790-8C02-E3B13D346853}.Debug|Any CPU.ActiveCfg = Debug|Any CPU
		{C0A7CA2B-FC12-4790-8C02-E3B13D346853}.Debug|Any CPU.Build.0 = Debug|Any CPU
		{C0A7CA2B-FC12-4790-8C02-E3B13D346853}.Release|Any CPU.ActiveCfg = Release|Any CPU
		{C0A7CA2B-FC12-4790-8C02-E3B13D346853}.Release|Any CPU.Build.0 = Release|Any CPU
		{DD69D2A6-90F3-444D-B2A2-6F094DA55F1E}.Debug|Any CPU.ActiveCfg = Debug|Any CPU
		{DD69D2A6-90F3-444D-B2A2-6F094DA55F1E}.Debug|Any CPU.Build.0 = Debug|Any CPU
		{DD69D2A6-90F3-444D-B2A2-6F094DA55F1E}.Release|Any CPU.ActiveCfg = Release|Any CPU
		{DD69D2A6-90F3-444D-B2A2-6F094DA55F1E}.Release|Any CPU.Build.0 = Release|Any CPU
		{4307C557-8E48-4C26-8DF6-BA2580879B55}.Debug|Any CPU.ActiveCfg = Debug|Any CPU
		{4307C557-8E48-4C26-8DF6-BA2580879B55}.Debug|Any CPU.Build.0 = Debug|Any CPU
		{4307C557-8E48-4C26-8DF6-BA2580879B55}.Release|Any CPU.ActiveCfg = Release|Any CPU
		{4307C557-8E48-4C26-8DF6-BA2580879B55}.Release|Any CPU.Build.0 = Release|Any CPU
	EndGlobalSection
	GlobalSection(SolutionProperties) = preSolution
		HideSolutionNode = FALSE
	EndGlobalSection
EndGlobal
